# This file was autogenerated by Stack.
# You should not edit this file by hand.
# For more information, please see the documentation at:
#   https://docs.haskellstack.org/en/stable/lock_files

packages:
- completed:
    hackage: relude-1.1.0.0@sha256:fe82b67d4560b9eff8d7dd12c5e1f786b25d52d64f7302ad82a3bbec9a0bd55e,11747
    pantry-tree:
      size: 4286
      sha256: 1482f23099d4b66e2db69e90403456c51cd2573bb0f3e51b86d449c3cf47ebc8
  original:
    hackage: relude-1.1.0.0@sha256:fe82b67d4560b9eff8d7dd12c5e1f786b25d52d64f7302ad82a3bbec9a0bd55e,11747
snapshots:
- completed:
    size: 618952
    url: https://raw.githubusercontent.com/commercialhaskell/stackage-snapshots/master/lts/19/15.yaml
    sha256: 82e5ccb47b068521de4055034e8aa278eab430b586881d9cc29ba8b382ce3253
  original:
    url: https://raw.githubusercontent.com/commercialhaskell/stackage-snapshots/master/lts/19/15.yaml
